
Microsoft Visual Studio Solution File, Format Version 12.00
# Visual Studio Version 17
VisualStudioVersion = 17.7.34018.315
MinimumVisualStudioVersion = 10.0.40219.1
Project("{FAE04EC0-301F-11D3-BF4B-00C04F79EFBC}") = "Unidad_2_Actividad_2", "Unidad_2_Actividad_2.csproj", "{73523053-C236-4FDE-B0AF-D6DB126B8234}"
EndProject
Global
	GlobalSection(SolutionConfigurationPlatforms) = preSolution
		Debug|Any CPU = Debug|Any CPU
		Release|Any CPU = Release|Any CPU
	EndGlobalSection
	GlobalSection(ProjectConfigurationPlatforms) = postSolution
		{73523053-C236-4FDE-B0AF-D6DB126B8234}.Debug|Any CPU.ActiveCfg = Debug|Any CPU
		{73523053-C236-4FDE-B0AF-D6DB126B8234}.Debug|Any CPU.Build.0 = Debug|Any CPU
		{73523053-C236-4FDE-B0AF-D6DB126B8234}.Release|Any CPU.ActiveCfg = Release|Any CPU
		{73523053-C236-4FDE-B0AF-D6DB126B8234}.Release|Any CPU.Build.0 = Release|Any CPU
	EndGlobalSection
	GlobalSection(SolutionProperties) = preSolution
		HideSolutionNode = FALSE
	EndGlobalSection
	GlobalSection(ExtensibilityGlobals) = postSolution
		SolutionGuid = {CF5E7449-305A-464B-BC3F-B7D675EFCEE3}
	EndGlobalSection
EndGlobal
